
Microsoft Visual Studio Solution File, Format Version 12.00
# Visual Studio Version 17
VisualStudioVersion = 17.5.33516.290
MinimumVisualStudioVersion = 10.0.40219.1
Project("{FAE04EC0-301F-11D3-BF4B-00C04F79EFBC}") = "PayrollApplication", "PayrollApplication\PayrollApplication.csproj", "{0D3EBC6B-3912-4547-953A-7455E34D2C2A}"
EndProject
Global
	GlobalSection(SolutionConfigurationPlatforms) = preSolution
		Debug|Any CPU = Debug|Any CPU
		Release|Any CPU = Release|Any CPU
	EndGlobalSection
	GlobalSection(ProjectConfigurationPlatforms) = postSolution
		{0D3EBC6B-3912-4547-953A-7455E34D2C2A}.Debug|Any CPU.ActiveCfg = Debug|Any CPU
		{0D3EBC6B-3912-4547-953A-7455E34D2C2A}.Debug|Any CPU.Build.0 = Debug|Any CPU
		{0D3EBC6B-3912-4547-953A-7455E34D2C2A}.Release|Any CPU.ActiveCfg = Release|Any CPU
		{0D3EBC6B-3912-4547-953A-7455E34D2C2A}.Release|Any CPU.Build.0 = Release|Any CPU
	EndGlobalSection
	GlobalSection(SolutionProperties) = preSolution
		HideSolutionNode = FALSE
	EndGlobalSection
	GlobalSection(ExtensibilityGlobals) = postSolution
		SolutionGuid = {AAB10BFD-A633-4374-8BC1-66959DE662AB}
	EndGlobalSection
EndGlobal
